
Microsoft Visual Studio Solution File, Format Version 12.00
# Visual Studio Version 17
VisualStudioVersion = 17.3.32825.248
MinimumVisualStudioVersion = 10.0.40219.1
Project("{FAE04EC0-301F-11D3-BF4B-00C04F79EFBC}") = "Lesson3", "Lesson3\Lesson3.csproj", "{71F3BFF9-244C-440A-9F00-7A0AC4548B9C}"
EndProject
Global
	GlobalSection(SolutionConfigurationPlatforms) = preSolution
		Debug|Any CPU = Debug|Any CPU
		Release|Any CPU = Release|Any CPU
	EndGlobalSection
	GlobalSection(ProjectConfigurationPlatforms) = postSolution
		{71F3BFF9-244C-440A-9F00-7A0AC4548B9C}.Debug|Any CPU.ActiveCfg = Debug|Any CPU
		{71F3BFF9-244C-440A-9F00-7A0AC4548B9C}.Debug|Any CPU.Build.0 = Debug|Any CPU
		{71F3BFF9-244C-440A-9F00-7A0AC4548B9C}.Release|Any CPU.ActiveCfg = Release|Any CPU
		{71F3BFF9-244C-440A-9F00-7A0AC4548B9C}.Release|Any CPU.Build.0 = Release|Any CPU
	EndGlobalSection
	GlobalSection(SolutionProperties) = preSolution
		HideSolutionNode = FALSE
	EndGlobalSection
	GlobalSection(ExtensibilityGlobals) = postSolution
		SolutionGuid = {5CB8C054-8A55-4DA5-B7E3-58FEB9BD8A72}
	EndGlobalSection
EndGlobal
