
Microsoft Visual Studio Solution File, Format Version 12.00
# Visual Studio Version 17
VisualStudioVersion = 17.1.32414.318
MinimumVisualStudioVersion = 10.0.40219.1
Project("{FAE04EC0-301F-11D3-BF4B-00C04F79EFBC}") = "Lesson1", "Lesson1\Lesson1.csproj", "{15F34328-3E43-456C-8B0B-5F820EB4F432}"
EndProject
Global
	GlobalSection(SolutionConfigurationPlatforms) = preSolution
		Debug|Any CPU = Debug|Any CPU
		Release|Any CPU = Release|Any CPU
	EndGlobalSection
	GlobalSection(ProjectConfigurationPlatforms) = postSolution
		{15F34328-3E43-456C-8B0B-5F820EB4F432}.Debug|Any CPU.ActiveCfg = Debug|Any CPU
		{15F34328-3E43-456C-8B0B-5F820EB4F432}.Debug|Any CPU.Build.0 = Debug|Any CPU
		{15F34328-3E43-456C-8B0B-5F820EB4F432}.Release|Any CPU.ActiveCfg = Release|Any CPU
		{15F34328-3E43-456C-8B0B-5F820EB4F432}.Release|Any CPU.Build.0 = Release|Any CPU
	EndGlobalSection
	GlobalSection(SolutionProperties) = preSolution
		HideSolutionNode = FALSE
	EndGlobalSection
	GlobalSection(ExtensibilityGlobals) = postSolution
		SolutionGuid = {1A473F2B-D147-405C-8CD2-19A43EF4F24F}
	EndGlobalSection
EndGlobal
