
Microsoft Visual Studio Solution File, Format Version 12.00
# Visual Studio Version 17
VisualStudioVersion = 17.3.32825.248
MinimumVisualStudioVersion = 10.0.40219.1
Project("{FAE04EC0-301F-11D3-BF4B-00C04F79EFBC}") = "Lesson4", "Lesson4\Lesson4.csproj", "{0F2A06CA-AA66-46EE-AC3E-7CFAE9C48414}"
EndProject
Global
	GlobalSection(SolutionConfigurationPlatforms) = preSolution
		Debug|Any CPU = Debug|Any CPU
		Release|Any CPU = Release|Any CPU
	EndGlobalSection
	GlobalSection(ProjectConfigurationPlatforms) = postSolution
		{0F2A06CA-AA66-46EE-AC3E-7CFAE9C48414}.Debug|Any CPU.ActiveCfg = Debug|Any CPU
		{0F2A06CA-AA66-46EE-AC3E-7CFAE9C48414}.Debug|Any CPU.Build.0 = Debug|Any CPU
		{0F2A06CA-AA66-46EE-AC3E-7CFAE9C48414}.Release|Any CPU.ActiveCfg = Release|Any CPU
		{0F2A06CA-AA66-46EE-AC3E-7CFAE9C48414}.Release|Any CPU.Build.0 = Release|Any CPU
	EndGlobalSection
	GlobalSection(SolutionProperties) = preSolution
		HideSolutionNode = FALSE
	EndGlobalSection
	GlobalSection(ExtensibilityGlobals) = postSolution
		SolutionGuid = {D803A347-849E-43B9-9F2A-E1689C77ACB7}
	EndGlobalSection
EndGlobal
